// !$*UTF8*$!
{
	archiveVersion = 1;
	classes = {
	};
	objectVersion = 46;
	objects = {

/* Begin PBXBuildFile section */
		3AC0FAB76639C3CA9E255F53 /* Pods_flickrClient.framework in Frameworks */ = {isa = PBXBuildFile; fileRef = A4E12D2B09C01B90B278565C /* Pods_flickrClient.framework */; };
		C33F74F51EABFB25005A102D /* AppDelegate.swift in Sources */ = {isa = PBXBuildFile; fileRef = C33F74F41EABFB25005A102D /* AppDelegate.swift */; };
		C33F74F71EABFB25005A102D /* MainVC.swift in Sources */ = {isa = PBXBuildFile; fileRef = C33F74F61EABFB25005A102D /* MainVC.swift */; };
		C33F74FA1EABFB25005A102D /* Main.storyboard in Resources */ = {isa = PBXBuildFile; fileRef = C33F74F81EABFB25005A102D /* Main.storyboard */; };
		C33F74FC1EABFB25005A102D /* Assets.xcassets in Resources */ = {isa = PBXBuildFile; fileRef = C33F74FB1EABFB25005A102D /* Assets.xcassets */; };
		C33F74FF1EABFB25005A102D /* LaunchScreen.storyboard in Resources */ = {isa = PBXBuildFile; fileRef = C33F74FD1EABFB25005A102D /* LaunchScreen.storyboard */; };
		C33F750B1EAC12D5005A102D /* Constants.swift in Sources */ = {isa = PBXBuildFile; fileRef = C33F750A1EAC12D5005A102D /* Constants.swift */; };
		C33F75101EAC15C0005A102D /* postCell.swift in Sources */ = {isa = PBXBuildFile; fileRef = C33F750F1EAC15C0005A102D /* postCell.swift */; };
		C363B6401EAC1E90003A0C1E /* Post.swift in Sources */ = {isa = PBXBuildFile; fileRef = C363B63F1EAC1E90003A0C1E /* Post.swift */; };
		C363B6471EAC59CA003A0C1E /* roundImageView.swift in Sources */ = {isa = PBXBuildFile; fileRef = C363B6461EAC59CA003A0C1E /* roundImageView.swift */; };
		C363B6491EAD265E003A0C1E /* InfiniteScrollActivityView.swift in Sources */ = {isa = PBXBuildFile; fileRef = C363B6481EAD265E003A0C1E /* InfiniteScrollActivityView.swift */; };
		C363B64B1EAD26AF003A0C1E /* material_loader.json in Resources */ = {isa = PBXBuildFile; fileRef = C363B64A1EAD26AF003A0C1E /* material_loader.json */; };
		C363B64D1EAD26B8003A0C1E /* loading_animation.json in Resources */ = {isa = PBXBuildFile; fileRef = C363B64C1EAD26B8003A0C1E /* loading_animation.json */; };
		C363B64F1EAD26BF003A0C1E /* loading.json in Resources */ = {isa = PBXBuildFile; fileRef = C363B64E1EAD26BF003A0C1E /* loading.json */; };
		C363B6511EAD2AE6003A0C1E /* preloader.json in Resources */ = {isa = PBXBuildFile; fileRef = C363B6501EAD2AE6003A0C1E /* preloader.json */; };
		C363B6771EADB5A2003A0C1E /* colorline.json in Resources */ = {isa = PBXBuildFile; fileRef = C363B6761EADB5A2003A0C1E /* colorline.json */; };
		C363B67E1EADD792003A0C1E /* popularCell.swift in Sources */ = {isa = PBXBuildFile; fileRef = C363B67D1EADD792003A0C1E /* popularCell.swift */; };
/* End PBXBuildFile section */

/* Begin PBXFileReference section */
		8A29C5AFBD3699665FA8F19E /* Pods-flickrClient.debug.xcconfig */ = {isa = PBXFileReference; includeInIndex = 1; lastKnownFileType = text.xcconfig; name = "Pods-flickrClient.debug.xcconfig"; path = "Pods/Target Support Files/Pods-flickrClient/Pods-flickrClient.debug.xcconfig"; sourceTree = "<group>"; };
		A4E12D2B09C01B90B278565C /* Pods_flickrClient.framework */ = {isa = PBXFileReference; explicitFileType = wrapper.framework; includeInIndex = 0; path = Pods_flickrClient.framework; sourceTree = BUILT_PRODUCTS_DIR; };
		C33F74F11EABFB25005A102D /* flickrClient.app */ = {isa = PBXFileReference; explicitFileType = wrapper.application; includeInIndex = 0; path = flickrClient.app; sourceTree = BUILT_PRODUCTS_DIR; };
		C33F74F41EABFB25005A102D /* AppDelegate.swift */ = {isa = PBXFileReference; lastKnownFileType = sourcecode.swift; path = AppDelegate.swift; sourceTree = "<group>"; };
		C33F74F61EABFB25005A102D /* MainVC.swift */ = {isa = PBXFileReference; lastKnownFileType = sourcecode.swift; path = MainVC.swift; sourceTree = "<group>"; };
		C33F74F91EABFB25005A102D /* Base */ = {isa = PBXFileReference; lastKnownFileType = file.storyboard; name = Base; path = Base.lproj/Main.storyboard; sourceTree = "<group>"; };
		C33F74FB1EABFB25005A102D /* Assets.xcassets */ = {isa = PBXFileReference; lastKnownFileType = folder.assetcatalog; path = Assets.xcassets; sourceTree = "<group>"; };
		C33F74FE1EABFB25005A102D /* Base */ = {isa = PBXFileReference; lastKnownFileType = file.storyboard; name = Base; path = Base.lproj/LaunchScreen.storyboard; sourceTree = "<group>"; };
		C33F75001EABFB25005A102D /* Info.plist */ = {isa = PBXFileReference; lastKnownFileType = text.plist.xml; path = Info.plist; sourceTree = "<group>"; };
		C33F750A1EAC12D5005A102D /* Constants.swift */ = {isa = PBXFileReference; fileEncoding = 4; lastKnownFileType = sourcecode.swift; path = Constants.swift; sourceTree = "<group>"; };
		C33F750F1EAC15C0005A102D /* postCell.swift */ = {isa = PBXFileReference; fileEncoding = 4; lastKnownFileType = sourcecode.swift; path = postCell.swift; sourceTree = "<group>"; };
		C363B63F1EAC1E90003A0C1E /* Post.swift */ = {isa = PBXFileReference; fileEncoding = 4; lastKnownFileType = sourcecode.swift; path = Post.swift; sourceTree = "<group>"; };
		C363B6461EAC59CA003A0C1E /* roundImageView.swift */ = {isa = PBXFileReference; fileEncoding = 4; lastKnownFileType = sourcecode.swift; path = roundImageView.swift; sourceTree = "<group>"; };
		C363B6481EAD265E003A0C1E /* InfiniteScrollActivityView.swift */ = {isa = PBXFileReference; fileEncoding = 4; lastKnownFileType = sourcecode.swift; path = InfiniteScrollActivityView.swift; sourceTree = "<group>"; };
		C363B64A1EAD26AF003A0C1E /* material_loader.json */ = {isa = PBXFileReference; fileEncoding = 4; lastKnownFileType = text.json; path = material_loader.json; sourceTree = "<group>"; };
		C363B64C1EAD26B8003A0C1E /* loading_animation.json */ = {isa = PBXFileReference; fileEncoding = 4; lastKnownFileType = text.json; path = loading_animation.json; sourceTree = "<group>"; };
		C363B64E1EAD26BF003A0C1E /* loading.json */ = {isa = PBXFileReference; fileEncoding = 4; lastKnownFileType = text.json; path = loading.json; sourceTree = "<group>"; };
		C363B6501EAD2AE6003A0C1E /* preloader.json */ = {isa = PBXFileReference; fileEncoding = 4; lastKnownFileType = text.json; path = preloader.json; sourceTree = "<group>"; };
		C363B6761EADB5A2003A0C1E /* colorline.json */ = {isa = PBXFileReference; fileEncoding = 4; lastKnownFileType = text.json; path = colorline.json; sourceTree = "<group>"; };
		C363B67D1EADD792003A0C1E /* popularCell.swift */ = {isa = PBXFileReference; fileEncoding = 4; lastKnownFileType = sourcecode.swift; path = popularCell.swift; sourceTree = "<group>"; };
		F6E461DA2E4DF08748CF35D3 /* Pods-flickrClient.release.xcconfig */ = {isa = PBXFileReference; includeInIndex = 1; lastKnownFileType = text.xcconfig; name = "Pods-flickrClient.release.xcconfig"; path = "Pods/Target Support Files/Pods-flickrClient/Pods-flickrClient.release.xcconfig"; sourceTree = "<group>"; };
/* End PBXFileReference section */

/* Begin PBXFrameworksBuildPhase section */
		C33F74EE1EABFB25005A102D /* Frameworks */ = {
			isa = PBXFrameworksBuildPhase;
			buildActionMask = 2147483647;
			files = (
				3AC0FAB76639C3CA9E255F53 /* Pods_flickrClient.framework in Frameworks */,
			);
			runOnlyForDeploymentPostprocessing = 0;
		};
/* End PBXFrameworksBuildPhase section */

/* Begin PBXGroup section */
		53A365E93687D05C9EEF49F4 /* Pods */ = {
			isa = PBXGroup;
			children = (
				8A29C5AFBD3699665FA8F19E /* Pods-flickrClient.debug.xcconfig */,
				F6E461DA2E4DF08748CF35D3 /* Pods-flickrClient.release.xcconfig */,
			);
			name = Pods;
			sourceTree = "<group>";
		};
		9554E209B337151660620B62 /* Frameworks */ = {
			isa = PBXGroup;
			children = (
				A4E12D2B09C01B90B278565C /* Pods_flickrClient.framework */,
			);
			name = Frameworks;
			sourceTree = "<group>";
		};
		C33F74E81EABFB25005A102D = {
			isa = PBXGroup;
			children = (
				C33F74F31EABFB25005A102D /* flickrClient */,
				C33F74F21EABFB25005A102D /* Products */,
				53A365E93687D05C9EEF49F4 /* Pods */,
				9554E209B337151660620B62 /* Frameworks */,
			);
			sourceTree = "<group>";
		};
		C33F74F21EABFB25005A102D /* Products */ = {
			isa = PBXGroup;
			children = (
				C33F74F11EABFB25005A102D /* flickrClient.app */,
			);
			name = Products;
			sourceTree = "<group>";
		};
		C33F74F31EABFB25005A102D /* flickrClient */ = {
			isa = PBXGroup;
			children = (
				C33F75081EABFC41005A102D /* Model */,
				C33F75071EABFC3B005A102D /* View */,
				C33F75061EABFC33005A102D /* Controller */,
				C33F75091EABFC47005A102D /* Animations */,
				C33F74F41EABFB25005A102D /* AppDelegate.swift */,
				C33F74F81EABFB25005A102D /* Main.storyboard */,
				C33F74FB1EABFB25005A102D /* Assets.xcassets */,
				C33F74FD1EABFB25005A102D /* LaunchScreen.storyboard */,
				C33F75001EABFB25005A102D /* Info.plist */,
			);
			path = flickrClient;
			sourceTree = "<group>";
		};
		C33F75061EABFC33005A102D /* Controller */ = {
			isa = PBXGroup;
			children = (
				C33F74F61EABFB25005A102D /* MainVC.swift */,
			);
			name = Controller;
			sourceTree = "<group>";
		};
		C33F75071EABFC3B005A102D /* View */ = {
			isa = PBXGroup;
			children = (
				C363B6461EAC59CA003A0C1E /* roundImageView.swift */,
				C363B6481EAD265E003A0C1E /* InfiniteScrollActivityView.swift */,
			);
			name = View;
			sourceTree = "<group>";
		};
		C33F75081EABFC41005A102D /* Model */ = {
			isa = PBXGroup;
			children = (
				C33F750A1EAC12D5005A102D /* Constants.swift */,
				C33F750F1EAC15C0005A102D /* postCell.swift */,
				C363B63F1EAC1E90003A0C1E /* Post.swift */,
				C363B67D1EADD792003A0C1E /* popularCell.swift */,
			);
			name = Model;
			sourceTree = "<group>";
		};
		C33F75091EABFC47005A102D /* Animations */ = {
			isa = PBXGroup;
			children = (
				C363B6761EADB5A2003A0C1E /* colorline.json */,
				C363B64C1EAD26B8003A0C1E /* loading_animation.json */,
				C363B64A1EAD26AF003A0C1E /* material_loader.json */,
				C363B64E1EAD26BF003A0C1E /* loading.json */,
				C363B6501EAD2AE6003A0C1E /* preloader.json */,
			);
			name = Animations;
			sourceTree = "<group>";
		};
/* End PBXGroup section */

/* Begin PBXNativeTarget section */
		C33F74F01EABFB25005A102D /* flickrClient */ = {
			isa = PBXNativeTarget;
			buildConfigurationList = C33F75031EABFB25005A102D /* Build configuration list for PBXNativeTarget "flickrClient" */;
			buildPhases = (
				D861CC228377AF85A06F86E7 /* [CP] Check Pods Manifest.lock */,
				C33F74ED1EABFB25005A102D /* Sources */,
				C33F74EE1EABFB25005A102D /* Frameworks */,
				C33F74EF1EABFB25005A102D /* Resources */,
				3CC750BD158A7CE01A10EA9D /* [CP] Embed Pods Frameworks */,
				C91AC07C9B4669D24A393F04 /* [CP] Copy Pods Resources */,
			);
			buildRules = (
			);
			dependencies = (
			);
			name = flickrClient;
			productName = flickrClient;
			productReference = C33F74F11EABFB25005A102D /* flickrClient.app */;
			productType = "com.apple.product-type.application";
		};
/* End PBXNativeTarget section */

/* Begin PBXProject section */
		C33F74E91EABFB25005A102D /* Project object */ = {
			isa = PBXProject;
			attributes = {
				LastSwiftUpdateCheck = 0820;
				LastUpgradeCheck = 0820;
				ORGANIZATIONNAME = "Hamit Burak Emre";
				TargetAttributes = {
					C33F74F01EABFB25005A102D = {
						CreatedOnToolsVersion = 8.2.1;
						DevelopmentTeam = 86S7ZHS4N7;
						ProvisioningStyle = Automatic;
					};
				};
			};
			buildConfigurationList = C33F74EC1EABFB25005A102D /* Build configuration list for PBXProject "flickrClient" */;
			compatibilityVersion = "Xcode 3.2";
			developmentRegion = English;
			hasScannedForEncodings = 0;
			knownRegions = (
				en,
				Base,
			);
			mainGroup = C33F74E81EABFB25005A102D;
			productRefGroup = C33F74F21EABFB25005A102D /* Products */;
			projectDirPath = "";
			projectRoot = "";
			targets = (
				C33F74F01EABFB25005A102D /* flickrClient */,
			);
		};
/* End PBXProject section */

/* Begin PBXResourcesBuildPhase section */
		C33F74EF1EABFB25005A102D /* Resources */ = {
			isa = PBXResourcesBuildPhase;
			buildActionMask = 2147483647;
			files = (
				C33F74FF1EABFB25005A102D /* LaunchScreen.storyboard in Resources */,
				C363B64B1EAD26AF003A0C1E /* material_loader.json in Resources */,
				C363B64F1EAD26BF003A0C1E /* loading.json in Resources */,
				C363B64D1EAD26B8003A0C1E /* loading_animation.json in Resources */,
				C33F74FC1EABFB25005A102D /* Assets.xcassets in Resources */,
				C363B6771EADB5A2003A0C1E /* colorline.json in Resources */,
				C363B6511EAD2AE6003A0C1E /* preloader.json in Resources */,
				C33F74FA1EABFB25005A102D /* Main.storyboard in Resources */,
			);
			runOnlyForDeploymentPostprocessing = 0;
		};
/* End PBXResourcesBuildPhase section */

/* Begin PBXShellScriptBuildPhase section */
		3CC750BD158A7CE01A10EA9D /* [CP] Embed Pods Frameworks */ = {
			isa = PBXShellScriptBuildPhase;
			buildActionMask = 2147483647;
			files = (
			);
			inputPaths = (
			);
			name = "[CP] Embed Pods Frameworks";
			outputPaths = (
			);
			runOnlyForDeploymentPostprocessing = 0;
			shellPath = /bin/sh;
			shellScript = "\"${SRCROOT}/Pods/Target Support Files/Pods-flickrClient/Pods-flickrClient-frameworks.sh\"\n";
			showEnvVarsInLog = 0;
		};
		C91AC07C9B4669D24A393F04 /* [CP] Copy Pods Resources */ = {
			isa = PBXShellScriptBuildPhase;
			buildActionMask = 2147483647;
			files = (
			);
			inputPaths = (
			);
			name = "[CP] Copy Pods Resources";
			outputPaths = (
			);
			runOnlyForDeploymentPostprocessing = 0;
			shellPath = /bin/sh;
			shellScript = "\"${SRCROOT}/Pods/Target Support Files/Pods-flickrClient/Pods-flickrClient-resources.sh\"\n";
			showEnvVarsInLog = 0;
		};
		D861CC228377AF85A06F86E7 /* [CP] Check Pods Manifest.lock */ = {
			isa = PBXShellScriptBuildPhase;
			buildActionMask = 2147483647;
			files = (
			);
			inputPaths = (
			);
			name = "[CP] Check Pods Manifest.lock";
			outputPaths = (
			);
			runOnlyForDeploymentPostprocessing = 0;
			shellPath = /bin/sh;
			shellScript = "diff \"${PODS_ROOT}/../Podfile.lock\" \"${PODS_ROOT}/Manifest.lock\" > /dev/null\nif [ $? != 0 ] ; then\n    # print error to STDERR\n    echo \"error: The sandbox is not in sync with the Podfile.lock. Run 'pod install' or update your CocoaPods installation.\" >&2\n    exit 1\nfi\n";
			showEnvVarsInLog = 0;
		};
/* End PBXShellScriptBuildPhase section */

/* Begin PBXSourcesBuildPhase section */
		C33F74ED1EABFB25005A102D /* Sources */ = {
			isa = PBXSourcesBuildPhase;
			buildActionMask = 2147483647;
			files = (
				C363B6491EAD265E003A0C1E /* InfiniteScrollActivityView.swift in Sources */,
				C363B6471EAC59CA003A0C1E /* roundImageView.swift in Sources */,
				C33F74F71EABFB25005A102D /* MainVC.swift in Sources */,
				C33F74F51EABFB25005A102D /* AppDelegate.swift in Sources */,
				C33F750B1EAC12D5005A102D /* Constants.swift in Sources */,
				C33F75101EAC15C0005A102D /* postCell.swift in Sources */,
				C363B6401EAC1E90003A0C1E /* Post.swift in Sources */,
				C363B67E1EADD792003A0C1E /* popularCell.swift in Sources */,
			);
			runOnlyForDeploymentPostprocessing = 0;
		};
/* End PBXSourcesBuildPhase section */

/* Begin PBXVariantGroup section */
		C33F74F81EABFB25005A102D /* Main.storyboard */ = {
			isa = PBXVariantGroup;
			children = (
				C33F74F91EABFB25005A102D /* Base */,
			);
			name = Main.storyboard;
			sourceTree = "<group>";
		};
		C33F74FD1EABFB25005A102D /* LaunchScreen.storyboard */ = {
			isa = PBXVariantGroup;
			children = (
				C33F74FE1EABFB25005A102D /* Base */,
			);
			name = LaunchScreen.storyboard;
			sourceTree = "<group>";
		};
/* End PBXVariantGroup section */

/* Begin XCBuildConfiguration section */
		C33F75011EABFB25005A102D /* Debug */ = {
			isa = XCBuildConfiguration;
			buildSettings = {
				ALWAYS_SEARCH_USER_PATHS = NO;
				CLANG_ANALYZER_NONNULL = YES;
				CLANG_CXX_LANGUAGE_STANDARD = "gnu++0x";
				CLANG_CXX_LIBRARY = "libc++";
				CLANG_ENABLE_MODULES = YES;
				CLANG_ENABLE_OBJC_ARC = YES;
				CLANG_WARN_BOOL_CONVERSION = YES;
				CLANG_WARN_CONSTANT_CONVERSION = YES;
				CLANG_WARN_DIRECT_OBJC_ISA_USAGE = YES_ERROR;
				CLANG_WARN_DOCUMENTATION_COMMENTS = YES;
				CLANG_WARN_EMPTY_BODY = YES;
				CLANG_WARN_ENUM_CONVERSION = YES;
				CLANG_WARN_INFINITE_RECURSION = YES;
				CLANG_WARN_INT_CONVERSION = YES;
				CLANG_WARN_OBJC_ROOT_CLASS = YES_ERROR;
				CLANG_WARN_SUSPICIOUS_MOVE = YES;
				CLANG_WARN_UNREACHABLE_CODE = YES;
				CLANG_WARN__DUPLICATE_METHOD_MATCH = YES;
				"CODE_SIGN_IDENTITY[sdk=iphoneos*]" = "iPhone Developer";
				COPY_PHASE_STRIP = NO;
				DEBUG_INFORMATION_FORMAT = dwarf;
				ENABLE_STRICT_OBJC_MSGSEND = YES;
				ENABLE_TESTABILITY = YES;
				GCC_C_LANGUAGE_STANDARD = gnu99;
				GCC_DYNAMIC_NO_PIC = NO;
				GCC_NO_COMMON_BLOCKS = YES;
				GCC_OPTIMIZATION_LEVEL = 0;
				GCC_PREPROCESSOR_DEFINITIONS = (
					"DEBUG=1",
					"$(inherited)",
				);
				GCC_WARN_64_TO_32_BIT_CONVERSION = YES;
				GCC_WARN_ABOUT_RETURN_TYPE = YES_ERROR;
				GCC_WARN_UNDECLARED_SELECTOR = YES;
				GCC_WARN_UNINITIALIZED_AUTOS = YES_AGGRESSIVE;
				GCC_WARN_UNUSED_FUNCTION = YES;
				GCC_WARN_UNUSED_VARIABLE = YES;
				IPHONEOS_DEPLOYMENT_TARGET = 10.2;
				MTL_ENABLE_DEBUG_INFO = YES;
				ONLY_ACTIVE_ARCH = YES;
				SDKROOT = iphoneos;
				SWIFT_ACTIVE_COMPILATION_CONDITIONS = DEBUG;
				SWIFT_OPTIMIZATION_LEVEL = "-Onone";
			};
			name = Debug;
		};
		C33F75021EABFB25005A102D /* Release */ = {
			isa = XCBuildConfiguration;
			buildSettings = {
				ALWAYS_SEARCH_USER_PATHS = NO;
				CLANG_ANALYZER_NONNULL = YES;
				CLANG_CXX_LANGUAGE_STANDARD = "gnu++0x";
				CLANG_CXX_LIBRARY = "libc++";
				CLANG_ENABLE_MODULES = YES;
				CLANG_ENABLE_OBJC_ARC = YES;
				CLANG_WARN_BOOL_CONVERSION = YES;
				CLANG_WARN_CONSTANT_CONVERSION = YES;
				CLANG_WARN_DIRECT_OBJC_ISA_USAGE = YES_ERROR;
				CLANG_WARN_DOCUMENTATION_COMMENTS = YES;
				CLANG_WARN_EMPTY_BODY = YES;
				CLANG_WARN_ENUM_CONVERSION = YES;
				CLANG_WARN_INFINITE_RECURSION = YES;
				CLANG_WARN_INT_CONVERSION = YES;
				CLANG_WARN_OBJC_ROOT_CLASS = YES_ERROR;
				CLANG_WARN_SUSPICIOUS_MOVE = YES;
				CLANG_WARN_UNREACHABLE_CODE = YES;
				CLANG_WARN__DUPLICATE_METHOD_MATCH = YES;
				"CODE_SIGN_IDENTITY[sdk=iphoneos*]" = "iPhone Developer";
				COPY_PHASE_STRIP = NO;
				DEBUG_INFORMATION_FORMAT = "dwarf-with-dsym";
				ENABLE_NS_ASSERTIONS = NO;
				ENABLE_STRICT_OBJC_MSGSEND = YES;
				GCC_C_LANGUAGE_STANDARD = gnu99;
				GCC_NO_COMMON_BLOCKS = YES;
				GCC_WARN_64_TO_32_BIT_CONVERSION = YES;
				GCC_WARN_ABOUT_RETURN_TYPE = YES_ERROR;
				GCC_WARN_UNDECLARED_SELECTOR = YES;
				GCC_WARN_UNINITIALIZED_AUTOS = YES_AGGRESSIVE;
				GCC_WARN_UNUSED_FUNCTION = YES;
				GCC_WARN_UNUSED_VARIABLE = YES;
				IPHONEOS_DEPLOYMENT_TARGET = 10.2;
				MTL_ENABLE_DEBUG_INFO = NO;
				SDKROOT = iphoneos;
				SWIFT_OPTIMIZATION_LEVEL = "-Owholemodule";
				VALIDATE_PRODUCT = YES;
			};
			name = Release;
		};
		C33F75041EABFB25005A102D /* Debug */ = {
			isa = XCBuildConfiguration;
			baseConfigurationReference = 8A29C5AFBD3699665FA8F19E /* Pods-flickrClient.debug.xcconfig */;
			buildSettings = {
				ASSETCATALOG_COMPILER_APPICON_NAME = AppIcon;
				DEVELOPMENT_TEAM = 86S7ZHS4N7;
				INFOPLIST_FILE = flickrClient/Info.plist;
				LD_RUNPATH_SEARCH_PATHS = "$(inherited) @executable_path/Frameworks";
				PRODUCT_BUNDLE_IDENTIFIER = com.hmtbrk.flickrClient;
				PRODUCT_NAME = "$(TARGET_NAME)";
				SWIFT_VERSION = 3.0;
			};
			name = Debug;
		};
		C33F75051EABFB25005A102D /* Release */ = {
			isa = XCBuildConfiguration;
			baseConfigurationReference = F6E461DA2E4DF08748CF35D3 /* Pods-flickrClient.release.xcconfig */;
			buildSettings = {
				ASSETCATALOG_COMPILER_APPICON_NAME = AppIcon;
				DEVELOPMENT_TEAM = 86S7ZHS4N7;
				INFOPLIST_FILE = flickrClient/Info.plist;
				LD_RUNPATH_SEARCH_PATHS = "$(inherited) @executable_path/Frameworks";
				PRODUCT_BUNDLE_IDENTIFIER = com.hmtbrk.flickrClient;
				PRODUCT_NAME = "$(TARGET_NAME)";
				SWIFT_VERSION = 3.0;
			};
			name = Release;
		};
/* End XCBuildConfiguration section */

/* Begin XCConfigurationList section */
		C33F74EC1EABFB25005A102D /* Build configuration list for PBXProject "flickrClient" */ = {
			isa = XCConfigurationList;
			buildConfigurations = (
				C33F75011EABFB25005A102D /* Debug */,
				C33F75021EABFB25005A102D /* Release */,
			);
			defaultConfigurationIsVisible = 0;
			defaultConfigurationName = Release;
		};
		C33F75031EABFB25005A102D /* Build configuration list for PBXNativeTarget "flickrClient" */ = {
			isa = XCConfigurationList;
			buildConfigurations = (
				C33F75041EABFB25005A102D /* Debug */,
				C33F75051EABFB25005A102D /* Release */,
			);
			defaultConfigurationIsVisible = 0;
			defaultConfigurationName = Release;
		};
/* End XCConfigurationList section */
	};
	rootObject = C33F74E91EABFB25005A102D /* Project object */;
}
